
Microsoft Visual Studio Solution File, Format Version 12.00
# Visual Studio Version 17
VisualStudioVersion = 17.0.31903.59
MinimumVisualStudioVersion = 10.0.40219.1
Project("{2150E333-8FDC-42A3-9474-1A3956D46DE8}") = "src", "src", "{827E0CD3-B72D-47B6-A68D-7590B98EB39B}"
EndProject
Project("{FAE04EC0-301F-11D3-BF4B-00C04F79EFBC}") = "Search.Core", "src\Search.Core\Search.Core.csproj", "{F10AF245-F4B1-48DB-9259-0E028B7C5114}"
EndProject
Project("{FAE04EC0-301F-11D3-BF4B-00C04F79EFBC}") = "Search.Infrastructure", "src\Search.Infrastructure\Search.Infrastructure.csproj", "{32C3564D-AEA3-453E-B1FB-D5FC92DDBDB6}"
EndProject
Project("{FAE04EC0-301F-11D3-BF4B-00C04F79EFBC}") = "Search.Api", "src\Search.Api\Search.Api.csproj", "{28C0C83F-EB81-4492-8E25-761B07D91DD8}"
EndProject
Project("{2150E333-8FDC-42A3-9474-1A3956D46DE8}") = "tests", "tests", "{0AB3BF05-4346-4AA6-1389-037BE0695223}"
EndProject
Project("{FAE04EC0-301F-11D3-BF4B-00C04F79EFBC}") = "Search.Tests", "tests\Search.Tests\Search.Tests.csproj", "{D024494E-0C85-417A-8AB3-0F124CE63EF7}"
EndProject
Global
	GlobalSection(SolutionConfigurationPlatforms) = preSolution
		Debug|Any CPU = Debug|Any CPU
		Debug|x64 = Debug|x64
		Debug|x86 = Debug|x86
		Release|Any CPU = Release|Any CPU
		Release|x64 = Release|x64
		Release|x86 = Release|x86
	EndGlobalSection
	GlobalSection(ProjectConfigurationPlatforms) = postSolution
		{F10AF245-F4B1-48DB-9259-0E028B7C5114}.Debug|Any CPU.ActiveCfg = Debug|Any CPU
		{F10AF245-F4B1-48DB-9259-0E028B7C5114}.Debug|Any CPU.Build.0 = Debug|Any CPU
		{F10AF245-F4B1-48DB-9259-0E028B7C5114}.Debug|x64.ActiveCfg = Debug|Any CPU
		{F10AF245-F4B1-48DB-9259-0E028B7C5114}.Debug|x64.Build.0 = Debug|Any CPU
		{F10AF245-F4B1-48DB-9259-0E028B7C5114}.Debug|x86.ActiveCfg = Debug|Any CPU
		{F10AF245-F4B1-48DB-9259-0E028B7C5114}.Debug|x86.Build.0 = Debug|Any CPU
		{F10AF245-F4B1-48DB-9259-0E028B7C5114}.Release|Any CPU.ActiveCfg = Release|Any CPU
		{F10AF245-F4B1-48DB-9259-0E028B7C5114}.Release|Any CPU.Build.0 = Release|Any CPU
		{F10AF245-F4B1-48DB-9259-0E028B7C5114}.Release|x64.ActiveCfg = Release|Any CPU
		{F10AF245-F4B1-48DB-9259-0E028B7C5114}.Release|x64.Build.0 = Release|Any CPU
		{F10AF245-F4B1-48DB-9259-0E028B7C5114}.Release|x86.ActiveCfg = Release|Any CPU
		{F10AF245-F4B1-48DB-9259-0E028B7C5114}.Release|x86.Build.0 = Release|Any CPU
		{32C3564D-AEA3-453E-B1FB-D5FC92DDBDB6}.Debug|Any CPU.ActiveCfg = Debug|Any CPU
		{32C3564D-AEA3-453E-B1FB-D5FC92DDBDB6}.Debug|Any CPU.Build.0 = Debug|Any CPU
		{32C3564D-AEA3-453E-B1FB-D5FC92DDBDB6}.Debug|x64.ActiveCfg = Debug|Any CPU
		{32C3564D-AEA3-453E-B1FB-D5FC92DDBDB6}.Debug|x64.Build.0 = Debug|Any CPU
		{32C3564D-AEA3-453E-B1FB-D5FC92DDBDB6}.Debug|x86.ActiveCfg = Debug|Any CPU
		{32C3564D-AEA3-453E-B1FB-D5FC92DDBDB6}.Debug|x86.Build.0 = Debug|Any CPU
		{32C3564D-AEA3-453E-B1FB-D5FC92DDBDB6}.Release|Any CPU.ActiveCfg = Release|Any CPU
		{32C3564D-AEA3-453E-B1FB-D5FC92DDBDB6}.Release|Any CPU.Build.0 = Release|Any CPU
		{32C3564D-AEA3-453E-B1FB-D5FC92DDBDB6}.Release|x64.ActiveCfg = Release|Any CPU
		{32C3564D-AEA3-453E-B1FB-D5FC92DDBDB6}.Release|x64.Build.0 = Release|Any CPU
		{32C3564D-AEA3-453E-B1FB-D5FC92DDBDB6}.Release|x86.ActiveCfg = Release|Any CPU
		{32C3564D-AEA3-453E-B1FB-D5FC92DDBDB6}.Release|x86.Build.0 = Release|Any CPU
		{28C0C83F-EB81-4492-8E25-761B07D91DD8}.Debug|Any CPU.ActiveCfg = Debug|Any CPU
		{28C0C83F-EB81-4492-8E25-761B07D91DD8}.Debug|Any CPU.Build.0 = Debug|Any CPU
		{28C0C83F-EB81-4492-8E25-761B07D91DD8}.Debug|x64.ActiveCfg = Debug|Any CPU
		{28C0C83F-EB81-4492-8E25-761B07D91DD8}.Debug|x64.Build.0 = Debug|Any CPU
		{28C0C83F-EB81-4492-8E25-761B07D91DD8}.Debug|x86.ActiveCfg = Debug|Any CPU
		{28C0C83F-EB81-4492-8E25-761B07D91DD8}.Debug|x86.Build.0 = Debug|Any CPU
		{28C0C83F-EB81-4492-8E25-761B07D91DD8}.Release|Any CPU.ActiveCfg = Release|Any CPU
		{28C0C83F-EB81-4492-8E25-761B07D91DD8}.Release|Any CPU.Build.0 = Release|Any CPU
		{28C0C83F-EB81-4492-8E25-761B07D91DD8}.Release|x64.ActiveCfg = Release|Any CPU
		{28C0C83F-EB81-4492-8E25-761B07D91DD8}.Release|x64.Build.0 = Release|Any CPU
		{28C0C83F-EB81-4492-8E25-761B07D91DD8}.Release|x86.ActiveCfg = Release|Any CPU
		{28C0C83F-EB81-4492-8E25-761B07D91DD8}.Release|x86.Build.0 = Release|Any CPU
		{D024494E-0C85-417A-8AB3-0F124CE63EF7}.Debug|Any CPU.ActiveCfg = Debug|Any CPU
		{D024494E-0C85-417A-8AB3-0F124CE63EF7}.Debug|Any CPU.Build.0 = Debug|Any CPU
		{D024494E-0C85-417A-8AB3-0F124CE63EF7}.Debug|x64.ActiveCfg = Debug|Any CPU
		{D024494E-0C85-417A-8AB3-0F124CE63EF7}.Debug|x64.Build.0 = Debug|Any CPU
		{D024494E-0C85-417A-8AB3-0F124CE63EF7}.Debug|x86.ActiveCfg = Debug|Any CPU
		{D024494E-0C85-417A-8AB3-0F124CE63EF7}.Debug|x86.Build.0 = Debug|Any CPU
		{D024494E-0C85-417A-8AB3-0F124CE63EF7}.Release|Any CPU.ActiveCfg = Release|Any CPU
		{D024494E-0C85-417A-8AB3-0F124CE63EF7}.Release|Any CPU.Build.0 = Release|Any CPU
		{D024494E-0C85-417A-8AB3-0F124CE63EF7}.Release|x64.ActiveCfg = Release|Any CPU
		{D024494E-0C85-417A-8AB3-0F124CE63EF7}.Release|x64.Build.0 = Release|Any CPU
		{D024494E-0C85-417A-8AB3-0F124CE63EF7}.Release|x86.ActiveCfg = Release|Any CPU
		{D024494E-0C85-417A-8AB3-0F124CE63EF7}.Release|x86.Build.0 = Release|Any CPU
	EndGlobalSection
	GlobalSection(SolutionProperties) = preSolution
		HideSolutionNode = FALSE
	EndGlobalSection
	GlobalSection(NestedProjects) = preSolution
		{F10AF245-F4B1-48DB-9259-0E028B7C5114} = {827E0CD3-B72D-47B6-A68D-7590B98EB39B}
		{32C3564D-AEA3-453E-B1FB-D5FC92DDBDB6} = {827E0CD3-B72D-47B6-A68D-7590B98EB39B}
		{28C0C83F-EB81-4492-8E25-761B07D91DD8} = {827E0CD3-B72D-47B6-A68D-7590B98EB39B}
		{D024494E-0C85-417A-8AB3-0F124CE63EF7} = {0AB3BF05-4346-4AA6-1389-037BE0695223}
	EndGlobalSection
EndGlobal
